
Microsoft Visual Studio Solution File, Format Version 12.00
# Visual Studio Version 17
VisualStudioVersion = 17.11.35208.52
MinimumVisualStudioVersion = 10.0.40219.1
Project("{FAE04EC0-301F-11D3-BF4B-00C04F79EFBC}") = "BlogCore", "BlogCore\BlogCore.csproj", "{492C49C3-4DA1-4E90-B24F-24182DB04536}"
EndProject
Project("{FAE04EC0-301F-11D3-BF4B-00C04F79EFBC}") = "BlogCore.AccesoDatos", "BlogCore.AccesoDatos\BlogCore.AccesoDatos.csproj", "{6EA77601-DF62-49A7-B32B-0BEF7146BA1E}"
EndProject
Project("{FAE04EC0-301F-11D3-BF4B-00C04F79EFBC}") = "BlogCore.Models", "BlogCore.Models\BlogCore.Models.csproj", "{31B70FEB-5FEB-4607-8545-D305F80D8733}"
EndProject
Project("{FAE04EC0-301F-11D3-BF4B-00C04F79EFBC}") = "BlogCore.Utilidades", "BlogCore.Utilidades\BlogCore.Utilidades.csproj", "{48E978DB-1F5A-4B69-A736-46A700C027B3}"
EndProject
Global
	GlobalSection(SolutionConfigurationPlatforms) = preSolution
		Debug|Any CPU = Debug|Any CPU
		Release|Any CPU = Release|Any CPU
	EndGlobalSection
	GlobalSection(ProjectConfigurationPlatforms) = postSolution
		{492C49C3-4DA1-4E90-B24F-24182DB04536}.Debug|Any CPU.ActiveCfg = Debug|Any CPU
		{492C49C3-4DA1-4E90-B24F-24182DB04536}.Debug|Any CPU.Build.0 = Debug|Any CPU
		{492C49C3-4DA1-4E90-B24F-24182DB04536}.Release|Any CPU.ActiveCfg = Release|Any CPU
		{492C49C3-4DA1-4E90-B24F-24182DB04536}.Release|Any CPU.Build.0 = Release|Any CPU
		{6EA77601-DF62-49A7-B32B-0BEF7146BA1E}.Debug|Any CPU.ActiveCfg = Debug|Any CPU
		{6EA77601-DF62-49A7-B32B-0BEF7146BA1E}.Debug|Any CPU.Build.0 = Debug|Any CPU
		{6EA77601-DF62-49A7-B32B-0BEF7146BA1E}.Release|Any CPU.ActiveCfg = Release|Any CPU
		{6EA77601-DF62-49A7-B32B-0BEF7146BA1E}.Release|Any CPU.Build.0 = Release|Any CPU
		{31B70FEB-5FEB-4607-8545-D305F80D8733}.Debug|Any CPU.ActiveCfg = Debug|Any CPU
		{31B70FEB-5FEB-4607-8545-D305F80D8733}.Debug|Any CPU.Build.0 = Debug|Any CPU
		{31B70FEB-5FEB-4607-8545-D305F80D8733}.Release|Any CPU.ActiveCfg = Release|Any CPU
		{31B70FEB-5FEB-4607-8545-D305F80D8733}.Release|Any CPU.Build.0 = Release|Any CPU
		{48E978DB-1F5A-4B69-A736-46A700C027B3}.Debug|Any CPU.ActiveCfg = Debug|Any CPU
		{48E978DB-1F5A-4B69-A736-46A700C027B3}.Debug|Any CPU.Build.0 = Debug|Any CPU
		{48E978DB-1F5A-4B69-A736-46A700C027B3}.Release|Any CPU.ActiveCfg = Release|Any CPU
		{48E978DB-1F5A-4B69-A736-46A700C027B3}.Release|Any CPU.Build.0 = Release|Any CPU
	EndGlobalSection
	GlobalSection(SolutionProperties) = preSolution
		HideSolutionNode = FALSE
	EndGlobalSection
	GlobalSection(ExtensibilityGlobals) = postSolution
		SolutionGuid = {E5C16D35-1251-4063-959D-7BC5B136DDF3}
	EndGlobalSection
EndGlobal
